
Microsoft Visual Studio Solution File, Format Version 12.00
# Visual Studio 2012
Project("{FAE04EC0-301F-11D3-BF4B-00C04F79EFBC}") = "TinyPermissions", "TinyPermissions\TinyPermissions.csproj", "{DA1B7B43-7960-4EF7-9796-2E04C2E40073}"
EndProject
Project("{FAE04EC0-301F-11D3-BF4B-00C04F79EFBC}") = "TinyPermissions.Tests", "TinyPermissions.Tests\TinyPermissions.Tests.csproj", "{F4FEAD6B-663A-40E7-8A76-56C52645DD92}"
EndProject
Project("{FAE04EC0-301F-11D3-BF4B-00C04F79EFBC}") = "TinyPermissions.InMemoryProvider", "TinyPermissions.InMemoryProvider\TinyPermissions.InMemoryProvider.csproj", "{0F090B5D-4516-4ECD-B2F0-AB7E64AB7C12}"
EndProject
Project("{FAE04EC0-301F-11D3-BF4B-00C04F79EFBC}") = "TinyPermissions.EFCoreProvider", "TinyPermissions.EFCoreProvider\TinyPermissions.EFCoreProvider.csproj", "{3338FD53-ED45-41DF-A619-8A0EB24BA36D}"
EndProject
Project("{2150E333-8FDC-42A3-9474-1A3956D46DE8}") = "Sample", "Sample", "{2D7BCA18-448F-4757-8C63-69120C31D992}"
EndProject
Project("{FAE04EC0-301F-11D3-BF4B-00C04F79EFBC}") = "TinyPermissions.Sample.WebApi", "Sample\TinyPermissions.Sample.WebApi\TinyPermissions.Sample.WebApi.csproj", "{43B90FD6-4D54-49B1-9F58-C84A940FEC6F}"
EndProject
Project("{FAE04EC0-301F-11D3-BF4B-00C04F79EFBC}") = "TinyPermissions.Sample.Data", "Sample\TinyPermissions.Sample.Data\TinyPermissions.Sample.Data.csproj", "{EF7885BC-C9EF-4F3E-8406-25F9D8424FCB}"
EndProject
Global
	GlobalSection(SolutionConfigurationPlatforms) = preSolution
		Debug|Any CPU = Debug|Any CPU
		Release|Any CPU = Release|Any CPU
	EndGlobalSection
	GlobalSection(ProjectConfigurationPlatforms) = postSolution
		{DA1B7B43-7960-4EF7-9796-2E04C2E40073}.Debug|Any CPU.ActiveCfg = Debug|Any CPU
		{DA1B7B43-7960-4EF7-9796-2E04C2E40073}.Debug|Any CPU.Build.0 = Debug|Any CPU
		{DA1B7B43-7960-4EF7-9796-2E04C2E40073}.Release|Any CPU.ActiveCfg = Release|Any CPU
		{DA1B7B43-7960-4EF7-9796-2E04C2E40073}.Release|Any CPU.Build.0 = Release|Any CPU
		{F4FEAD6B-663A-40E7-8A76-56C52645DD92}.Debug|Any CPU.ActiveCfg = Debug|Any CPU
		{F4FEAD6B-663A-40E7-8A76-56C52645DD92}.Debug|Any CPU.Build.0 = Debug|Any CPU
		{F4FEAD6B-663A-40E7-8A76-56C52645DD92}.Release|Any CPU.ActiveCfg = Release|Any CPU
		{F4FEAD6B-663A-40E7-8A76-56C52645DD92}.Release|Any CPU.Build.0 = Release|Any CPU
		{0F090B5D-4516-4ECD-B2F0-AB7E64AB7C12}.Debug|Any CPU.ActiveCfg = Debug|Any CPU
		{0F090B5D-4516-4ECD-B2F0-AB7E64AB7C12}.Debug|Any CPU.Build.0 = Debug|Any CPU
		{0F090B5D-4516-4ECD-B2F0-AB7E64AB7C12}.Release|Any CPU.ActiveCfg = Release|Any CPU
		{0F090B5D-4516-4ECD-B2F0-AB7E64AB7C12}.Release|Any CPU.Build.0 = Release|Any CPU
		{3338FD53-ED45-41DF-A619-8A0EB24BA36D}.Debug|Any CPU.ActiveCfg = Debug|Any CPU
		{3338FD53-ED45-41DF-A619-8A0EB24BA36D}.Debug|Any CPU.Build.0 = Debug|Any CPU
		{3338FD53-ED45-41DF-A619-8A0EB24BA36D}.Release|Any CPU.ActiveCfg = Release|Any CPU
		{3338FD53-ED45-41DF-A619-8A0EB24BA36D}.Release|Any CPU.Build.0 = Release|Any CPU
		{43B90FD6-4D54-49B1-9F58-C84A940FEC6F}.Debug|Any CPU.ActiveCfg = Debug|Any CPU
		{43B90FD6-4D54-49B1-9F58-C84A940FEC6F}.Debug|Any CPU.Build.0 = Debug|Any CPU
		{43B90FD6-4D54-49B1-9F58-C84A940FEC6F}.Release|Any CPU.ActiveCfg = Release|Any CPU
		{43B90FD6-4D54-49B1-9F58-C84A940FEC6F}.Release|Any CPU.Build.0 = Release|Any CPU
		{EF7885BC-C9EF-4F3E-8406-25F9D8424FCB}.Debug|Any CPU.ActiveCfg = Debug|Any CPU
		{EF7885BC-C9EF-4F3E-8406-25F9D8424FCB}.Debug|Any CPU.Build.0 = Debug|Any CPU
		{EF7885BC-C9EF-4F3E-8406-25F9D8424FCB}.Release|Any CPU.ActiveCfg = Release|Any CPU
		{EF7885BC-C9EF-4F3E-8406-25F9D8424FCB}.Release|Any CPU.Build.0 = Release|Any CPU
	EndGlobalSection
	GlobalSection(NestedProjects) = preSolution
		{43B90FD6-4D54-49B1-9F58-C84A940FEC6F} = {2D7BCA18-448F-4757-8C63-69120C31D992}
		{EF7885BC-C9EF-4F3E-8406-25F9D8424FCB} = {2D7BCA18-448F-4757-8C63-69120C31D992}
	EndGlobalSection
EndGlobal
